
Microsoft Visual Studio Solution File, Format Version 12.00
# Visual Studio 14
VisualStudioVersion = 14.0.25420.1
MinimumVisualStudioVersion = 10.0.40219.1
Project("{2150E333-8FDC-42A3-9474-1A3956D46DE8}") = "Engine", "Engine", "{A3DC64CB-EF64-4017-9AC4-136BFB6558CF}"
EndProject
Project("{2150E333-8FDC-42A3-9474-1A3956D46DE8}") = "Games", "Games", "{578A2A35-1CC7-4E7A-8650-36EF10BCD6C3}"
EndProject
Project("{8BC9CEB8-8B4A-11D0-8D11-00A0C91BC942}") = "UE4", "Intermediate\ProjectFiles\UE4.vcxproj", "{0581764F-9FF8-4A96-85F5-7E280D45A13A}"
EndProject
Project("{8BC9CEB8-8B4A-11D0-8D11-00A0C91BC942}") = "BuildingEscape", "Intermediate\ProjectFiles\BuildingEscape.vcxproj", "{A6A4D95B-652E-4AA7-8B30-B6360274147D}"
EndProject
Global
	GlobalSection(SolutionConfigurationPlatforms) = preSolution
		DebugGame Editor|HTML5 = DebugGame Editor|HTML5
		DebugGame Editor|Win32 = DebugGame Editor|Win32
		DebugGame Editor|Win64 = DebugGame Editor|Win64
		DebugGame|HTML5 = DebugGame|HTML5
		DebugGame|Win32 = DebugGame|Win32
		DebugGame|Win64 = DebugGame|Win64
		Development Editor|HTML5 = Development Editor|HTML5
		Development Editor|Win32 = Development Editor|Win32
		Development Editor|Win64 = Development Editor|Win64
		Development|HTML5 = Development|HTML5
		Development|Win32 = Development|Win32
		Development|Win64 = Development|Win64
		Shipping|HTML5 = Shipping|HTML5
		Shipping|Win32 = Shipping|Win32
		Shipping|Win64 = Shipping|Win64
	EndGlobalSection
	GlobalSection(ProjectConfigurationPlatforms) = postSolution
		{0581764F-9FF8-4A96-85F5-7E280D45A13A}.DebugGame Editor|HTML5.ActiveCfg = BuiltWithUnrealBuildTool|Win32
		{0581764F-9FF8-4A96-85F5-7E280D45A13A}.DebugGame Editor|HTML5.Build.0 = BuiltWithUnrealBuildTool|Win32
		{0581764F-9FF8-4A96-85F5-7E280D45A13A}.DebugGame Editor|Win32.ActiveCfg = BuiltWithUnrealBuildTool|Win32
		{0581764F-9FF8-4A96-85F5-7E280D45A13A}.DebugGame Editor|Win32.Build.0 = BuiltWithUnrealBuildTool|Win32
		{0581764F-9FF8-4A96-85F5-7E280D45A13A}.DebugGame Editor|Win64.ActiveCfg = BuiltWithUnrealBuildTool|Win32
		{0581764F-9FF8-4A96-85F5-7E280D45A13A}.DebugGame Editor|Win64.Build.0 = BuiltWithUnrealBuildTool|Win32
		{0581764F-9FF8-4A96-85F5-7E280D45A13A}.DebugGame|HTML5.ActiveCfg = BuiltWithUnrealBuildTool|Win32
		{0581764F-9FF8-4A96-85F5-7E280D45A13A}.DebugGame|HTML5.Build.0 = BuiltWithUnrealBuildTool|Win32
		{0581764F-9FF8-4A96-85F5-7E280D45A13A}.DebugGame|Win32.ActiveCfg = BuiltWithUnrealBuildTool|Win32
		{0581764F-9FF8-4A96-85F5-7E280D45A13A}.DebugGame|Win32.Build.0 = BuiltWithUnrealBuildTool|Win32
		{0581764F-9FF8-4A96-85F5-7E280D45A13A}.DebugGame|Win64.ActiveCfg = BuiltWithUnrealBuildTool|Win32
		{0581764F-9FF8-4A96-85F5-7E280D45A13A}.DebugGame|Win64.Build.0 = BuiltWithUnrealBuildTool|Win32
		{0581764F-9FF8-4A96-85F5-7E280D45A13A}.Development Editor|HTML5.ActiveCfg = BuiltWithUnrealBuildTool|Win32
		{0581764F-9FF8-4A96-85F5-7E280D45A13A}.Development Editor|HTML5.Build.0 = BuiltWithUnrealBuildTool|Win32
		{0581764F-9FF8-4A96-85F5-7E280D45A13A}.Development Editor|Win32.ActiveCfg = BuiltWithUnrealBuildTool|Win32
		{0581764F-9FF8-4A96-85F5-7E280D45A13A}.Development Editor|Win32.Build.0 = BuiltWithUnrealBuildTool|Win32
		{0581764F-9FF8-4A96-85F5-7E280D45A13A}.Development Editor|Win64.ActiveCfg = BuiltWithUnrealBuildTool|Win32
		{0581764F-9FF8-4A96-85F5-7E280D45A13A}.Development Editor|Win64.Build.0 = BuiltWithUnrealBuildTool|Win32
		{0581764F-9FF8-4A96-85F5-7E280D45A13A}.Development|HTML5.ActiveCfg = BuiltWithUnrealBuildTool|Win32
		{0581764F-9FF8-4A96-85F5-7E280D45A13A}.Development|HTML5.Build.0 = BuiltWithUnrealBuildTool|Win32
		{0581764F-9FF8-4A96-85F5-7E280D45A13A}.Development|Win32.ActiveCfg = BuiltWithUnrealBuildTool|Win32
		{0581764F-9FF8-4A96-85F5-7E280D45A13A}.Development|Win32.Build.0 = BuiltWithUnrealBuildTool|Win32
		{0581764F-9FF8-4A96-85F5-7E280D45A13A}.Development|Win64.ActiveCfg = BuiltWithUnrealBuildTool|Win32
		{0581764F-9FF8-4A96-85F5-7E280D45A13A}.Development|Win64.Build.0 = BuiltWithUnrealBuildTool|Win32
		{0581764F-9FF8-4A96-85F5-7E280D45A13A}.Shipping|HTML5.ActiveCfg = BuiltWithUnrealBuildTool|Win32
		{0581764F-9FF8-4A96-85F5-7E280D45A13A}.Shipping|HTML5.Build.0 = BuiltWithUnrealBuildTool|Win32
		{0581764F-9FF8-4A96-85F5-7E280D45A13A}.Shipping|Win32.ActiveCfg = BuiltWithUnrealBuildTool|Win32
		{0581764F-9FF8-4A96-85F5-7E280D45A13A}.Shipping|Win32.Build.0 = BuiltWithUnrealBuildTool|Win32
		{0581764F-9FF8-4A96-85F5-7E280D45A13A}.Shipping|Win64.ActiveCfg = BuiltWithUnrealBuildTool|Win32
		{0581764F-9FF8-4A96-85F5-7E280D45A13A}.Shipping|Win64.Build.0 = BuiltWithUnrealBuildTool|Win32
		{A6A4D95B-652E-4AA7-8B30-B6360274147D}.DebugGame Editor|HTML5.ActiveCfg = HTML5_DebugGame_Editor|Win32
		{A6A4D95B-652E-4AA7-8B30-B6360274147D}.DebugGame Editor|Win32.ActiveCfg = DebugGame_Editor|Win32
		{A6A4D95B-652E-4AA7-8B30-B6360274147D}.DebugGame Editor|Win64.ActiveCfg = DebugGame_Editor|x64
		{A6A4D95B-652E-4AA7-8B30-B6360274147D}.DebugGame Editor|Win64.Build.0 = DebugGame_Editor|x64
		{A6A4D95B-652E-4AA7-8B30-B6360274147D}.DebugGame|HTML5.ActiveCfg = HTML5_DebugGame_Game|Win32
		{A6A4D95B-652E-4AA7-8B30-B6360274147D}.DebugGame|HTML5.Build.0 = HTML5_DebugGame_Game|Win32
		{A6A4D95B-652E-4AA7-8B30-B6360274147D}.DebugGame|Win32.ActiveCfg = DebugGame_Game|Win32
		{A6A4D95B-652E-4AA7-8B30-B6360274147D}.DebugGame|Win32.Build.0 = DebugGame_Game|Win32
		{A6A4D95B-652E-4AA7-8B30-B6360274147D}.DebugGame|Win64.ActiveCfg = DebugGame_Game|x64
		{A6A4D95B-652E-4AA7-8B30-B6360274147D}.DebugGame|Win64.Build.0 = DebugGame_Game|x64
		{A6A4D95B-652E-4AA7-8B30-B6360274147D}.Development Editor|HTML5.ActiveCfg = HTML5_Development_Editor|Win32
		{A6A4D95B-652E-4AA7-8B30-B6360274147D}.Development Editor|Win32.ActiveCfg = Development_Editor|Win32
		{A6A4D95B-652E-4AA7-8B30-B6360274147D}.Development Editor|Win64.ActiveCfg = Development_Editor|x64
		{A6A4D95B-652E-4AA7-8B30-B6360274147D}.Development Editor|Win64.Build.0 = Development_Editor|x64
		{A6A4D95B-652E-4AA7-8B30-B6360274147D}.Development|HTML5.ActiveCfg = HTML5_Development_Game|Win32
		{A6A4D95B-652E-4AA7-8B30-B6360274147D}.Development|HTML5.Build.0 = HTML5_Development_Game|Win32
		{A6A4D95B-652E-4AA7-8B30-B6360274147D}.Development|Win32.ActiveCfg = Development_Game|Win32
		{A6A4D95B-652E-4AA7-8B30-B6360274147D}.Development|Win32.Build.0 = Development_Game|Win32
		{A6A4D95B-652E-4AA7-8B30-B6360274147D}.Development|Win64.ActiveCfg = Development_Game|x64
		{A6A4D95B-652E-4AA7-8B30-B6360274147D}.Development|Win64.Build.0 = Development_Game|x64
		{A6A4D95B-652E-4AA7-8B30-B6360274147D}.Shipping|HTML5.ActiveCfg = HTML5_Shipping_Game|Win32
		{A6A4D95B-652E-4AA7-8B30-B6360274147D}.Shipping|HTML5.Build.0 = HTML5_Shipping_Game|Win32
		{A6A4D95B-652E-4AA7-8B30-B6360274147D}.Shipping|Win32.ActiveCfg = Shipping_Game|Win32
		{A6A4D95B-652E-4AA7-8B30-B6360274147D}.Shipping|Win32.Build.0 = Shipping_Game|Win32
		{A6A4D95B-652E-4AA7-8B30-B6360274147D}.Shipping|Win64.ActiveCfg = Shipping_Game|x64
		{A6A4D95B-652E-4AA7-8B30-B6360274147D}.Shipping|Win64.Build.0 = Shipping_Game|x64
	EndGlobalSection
	GlobalSection(SolutionProperties) = preSolution
		HideSolutionNode = FALSE
	EndGlobalSection
	GlobalSection(NestedProjects) = preSolution
		{0581764F-9FF8-4A96-85F5-7E280D45A13A} = {A3DC64CB-EF64-4017-9AC4-136BFB6558CF}
		{A6A4D95B-652E-4AA7-8B30-B6360274147D} = {578A2A35-1CC7-4E7A-8650-36EF10BCD6C3}
	EndGlobalSection
EndGlobal
